
Microsoft Visual Studio Solution File, Format Version 12.00
# Visual Studio Version 17
VisualStudioVersion = 17.11.35312.102
MinimumVisualStudioVersion = 10.0.40219.1
Project("{FAE04EC0-301F-11D3-BF4B-00C04F79EFBC}") = "LINQTut05.OrderBy", "LINQTut05.OrderBy\LINQTut05.OrderBy.csproj", "{B360ED96-0E13-4CB7-98AF-A28EE4A6CC21}"
EndProject
Project("{FAE04EC0-301F-11D3-BF4B-00C04F79EFBC}") = "LINQTut05.OrderBy.Comparer", "LINQTut05.OrderBy.Comparer\LINQTut05.OrderBy.Comparer.csproj", "{DE532882-75B2-43AB-AFC3-FE20EF15C198}"
EndProject
Project("{FAE04EC0-301F-11D3-BF4B-00C04F79EFBC}") = "LINQTut05.Reverse", "LINQTut05.Reverse\LINQTut05.Reverse.csproj", "{5A9C69CD-A005-4924-B908-03B68E27DDE0}"
EndProject
Project("{FAE04EC0-301F-11D3-BF4B-00C04F79EFBC}") = "LINQTut05.Shared", "LINQTut05.Shared\LINQTut05.Shared.csproj", "{A7968E53-F865-4A1E-BDE6-76966C00D5AE}"
EndProject
Project("{FAE04EC0-301F-11D3-BF4B-00C04F79EFBC}") = "LINQTut05.ThenBy", "LINQTut05.ThenBy\LINQTut05.ThenBy.csproj", "{D5A8263F-B9F7-4F94-B0D0-EEE560CC0E4B}"
EndProject
Global
	GlobalSection(SolutionConfigurationPlatforms) = preSolution
		Debug|Any CPU = Debug|Any CPU
		Release|Any CPU = Release|Any CPU
	EndGlobalSection
	GlobalSection(ProjectConfigurationPlatforms) = postSolution
		{B360ED96-0E13-4CB7-98AF-A28EE4A6CC21}.Debug|Any CPU.ActiveCfg = Debug|Any CPU
		{B360ED96-0E13-4CB7-98AF-A28EE4A6CC21}.Debug|Any CPU.Build.0 = Debug|Any CPU
		{B360ED96-0E13-4CB7-98AF-A28EE4A6CC21}.Release|Any CPU.ActiveCfg = Release|Any CPU
		{B360ED96-0E13-4CB7-98AF-A28EE4A6CC21}.Release|Any CPU.Build.0 = Release|Any CPU
		{DE532882-75B2-43AB-AFC3-FE20EF15C198}.Debug|Any CPU.ActiveCfg = Debug|Any CPU
		{DE532882-75B2-43AB-AFC3-FE20EF15C198}.Debug|Any CPU.Build.0 = Debug|Any CPU
		{DE532882-75B2-43AB-AFC3-FE20EF15C198}.Release|Any CPU.ActiveCfg = Release|Any CPU
		{DE532882-75B2-43AB-AFC3-FE20EF15C198}.Release|Any CPU.Build.0 = Release|Any CPU
		{5A9C69CD-A005-4924-B908-03B68E27DDE0}.Debug|Any CPU.ActiveCfg = Debug|Any CPU
		{5A9C69CD-A005-4924-B908-03B68E27DDE0}.Debug|Any CPU.Build.0 = Debug|Any CPU
		{5A9C69CD-A005-4924-B908-03B68E27DDE0}.Release|Any CPU.ActiveCfg = Release|Any CPU
		{5A9C69CD-A005-4924-B908-03B68E27DDE0}.Release|Any CPU.Build.0 = Release|Any CPU
		{A7968E53-F865-4A1E-BDE6-76966C00D5AE}.Debug|Any CPU.ActiveCfg = Debug|Any CPU
		{A7968E53-F865-4A1E-BDE6-76966C00D5AE}.Debug|Any CPU.Build.0 = Debug|Any CPU
		{A7968E53-F865-4A1E-BDE6-76966C00D5AE}.Release|Any CPU.ActiveCfg = Release|Any CPU
		{A7968E53-F865-4A1E-BDE6-76966C00D5AE}.Release|Any CPU.Build.0 = Release|Any CPU
		{D5A8263F-B9F7-4F94-B0D0-EEE560CC0E4B}.Debug|Any CPU.ActiveCfg = Debug|Any CPU
		{D5A8263F-B9F7-4F94-B0D0-EEE560CC0E4B}.Debug|Any CPU.Build.0 = Debug|Any CPU
		{D5A8263F-B9F7-4F94-B0D0-EEE560CC0E4B}.Release|Any CPU.ActiveCfg = Release|Any CPU
		{D5A8263F-B9F7-4F94-B0D0-EEE560CC0E4B}.Release|Any CPU.Build.0 = Release|Any CPU
	EndGlobalSection
	GlobalSection(SolutionProperties) = preSolution
		HideSolutionNode = FALSE
	EndGlobalSection
	GlobalSection(ExtensibilityGlobals) = postSolution
		SolutionGuid = {50AFEA6E-1EDA-4F3A-A6C7-454E0E4A9481}
	EndGlobalSection
EndGlobal
